
Microsoft Visual Studio Solution File, Format Version 12.00
# Visual Studio 14
VisualStudioVersion = 14.0.24720.0
MinimumVisualStudioVersion = 10.0.40219.1
Project("{2150E333-8FDC-42A3-9474-1A3956D46DE8}") = "src", "src", "{5725E9B5-BFA8-4807-92D8-C9F896ADD9D5}"
EndProject
Project("{2150E333-8FDC-42A3-9474-1A3956D46DE8}") = "test", "test", "{144DCC9A-EF5F-4BC9-8A08-99E44741B5E5}"
EndProject
Project("{FAE04EC0-301F-11D3-BF4B-00C04F79EFBC}") = "FPNV.Repository", "src\FPNV.Repository\FPNV.Repository.csproj", "{10F7CD8C-7AA0-46EE-B41B-7C97A77290ED}"
EndProject
Project("{FAE04EC0-301F-11D3-BF4B-00C04F79EFBC}") = "FPNV.RepositoryTests", "test\FPNV.RepositoryTests\FPNV.RepositoryTests.csproj", "{2775C6DD-E6E3-4DC9-8A63-48DD58E88EF8}"
EndProject
Project("{FAE04EC0-301F-11D3-BF4B-00C04F79EFBC}") = "FPNV.ExternalApis", "src\FPNV.ExternalApis\FPNV.ExternalApis.csproj", "{4ED1C50B-1BAE-4D9E-8394-B7D998A6A791}"
EndProject
Project("{FAE04EC0-301F-11D3-BF4B-00C04F79EFBC}") = "FPNV.ExternalApisTests", "test\FPNV.ExternalApisTests\FPNV.ExternalApisTests.csproj", "{D03F6A4B-E093-4FFD-8226-46CD307AD4CF}"
EndProject
Project("{FAE04EC0-301F-11D3-BF4B-00C04F79EFBC}") = "FPNV.Web", "src\FPNV.Web\FPNV.Web.csproj", "{A20C2BC4-7F3A-4B8A-81A5-A624E610F39E}"
EndProject
Project("{FAE04EC0-301F-11D3-BF4B-00C04F79EFBC}") = "FPNV.WebTests", "test\FPNV.WebTests\FPNV.WebTests.csproj", "{B9422AB6-AA2C-4F21-BAF2-B690492641F8}"
EndProject
Project("{FAE04EC0-301F-11D3-BF4B-00C04F79EFBC}") = "FPNV.BusinessLogic", "src\FPNV.BusinessLogic\FPNV.BusinessLogic.csproj", "{92BBD205-EEB3-43EC-867E-63320C4AC3A2}"
EndProject
Project("{FAE04EC0-301F-11D3-BF4B-00C04F79EFBC}") = "FPNV.BusinessLogicTests", "test\FPNV.BusinessLogicTests\FPNV.BusinessLogicTests.csproj", "{87C9E93F-B530-4B18-8504-5F9ADA20959A}"
EndProject
Project("{FAE04EC0-301F-11D3-BF4B-00C04F79EFBC}") = "FPNV.Model", "src\FPNV.Model\FPNV.Model.csproj", "{803FB057-DE50-4B81-B23F-3A234217878F}"
EndProject
Project("{FAE04EC0-301F-11D3-BF4B-00C04F79EFBC}") = "FPNV.Security", "src\FPNV.Security\FPNV.Security.csproj", "{C7400BBD-63AE-4A3E-9B6B-0566BABE94AB}"
EndProject
Project("{FAE04EC0-301F-11D3-BF4B-00C04F79EFBC}") = "FPNV.SecurityTests", "test\FPNV.SecurityTests\FPNV.SecurityTests.csproj", "{380C2B1D-2175-4CF5-BFDA-A0E1092E6852}"
EndProject
Global
	GlobalSection(SolutionConfigurationPlatforms) = preSolution
		Debug|Any CPU = Debug|Any CPU
		Release|Any CPU = Release|Any CPU
	EndGlobalSection
	GlobalSection(ProjectConfigurationPlatforms) = postSolution
		{10F7CD8C-7AA0-46EE-B41B-7C97A77290ED}.Debug|Any CPU.ActiveCfg = Debug|Any CPU
		{10F7CD8C-7AA0-46EE-B41B-7C97A77290ED}.Debug|Any CPU.Build.0 = Debug|Any CPU
		{10F7CD8C-7AA0-46EE-B41B-7C97A77290ED}.Release|Any CPU.ActiveCfg = Release|Any CPU
		{10F7CD8C-7AA0-46EE-B41B-7C97A77290ED}.Release|Any CPU.Build.0 = Release|Any CPU
		{2775C6DD-E6E3-4DC9-8A63-48DD58E88EF8}.Debug|Any CPU.ActiveCfg = Debug|Any CPU
		{2775C6DD-E6E3-4DC9-8A63-48DD58E88EF8}.Debug|Any CPU.Build.0 = Debug|Any CPU
		{2775C6DD-E6E3-4DC9-8A63-48DD58E88EF8}.Release|Any CPU.ActiveCfg = Release|Any CPU
		{2775C6DD-E6E3-4DC9-8A63-48DD58E88EF8}.Release|Any CPU.Build.0 = Release|Any CPU
		{4ED1C50B-1BAE-4D9E-8394-B7D998A6A791}.Debug|Any CPU.ActiveCfg = Debug|Any CPU
		{4ED1C50B-1BAE-4D9E-8394-B7D998A6A791}.Debug|Any CPU.Build.0 = Debug|Any CPU
		{4ED1C50B-1BAE-4D9E-8394-B7D998A6A791}.Release|Any CPU.ActiveCfg = Release|Any CPU
		{4ED1C50B-1BAE-4D9E-8394-B7D998A6A791}.Release|Any CPU.Build.0 = Release|Any CPU
		{D03F6A4B-E093-4FFD-8226-46CD307AD4CF}.Debug|Any CPU.ActiveCfg = Debug|Any CPU
		{D03F6A4B-E093-4FFD-8226-46CD307AD4CF}.Debug|Any CPU.Build.0 = Debug|Any CPU
		{D03F6A4B-E093-4FFD-8226-46CD307AD4CF}.Release|Any CPU.ActiveCfg = Release|Any CPU
		{D03F6A4B-E093-4FFD-8226-46CD307AD4CF}.Release|Any CPU.Build.0 = Release|Any CPU
		{A20C2BC4-7F3A-4B8A-81A5-A624E610F39E}.Debug|Any CPU.ActiveCfg = Debug|Any CPU
		{A20C2BC4-7F3A-4B8A-81A5-A624E610F39E}.Debug|Any CPU.Build.0 = Debug|Any CPU
		{A20C2BC4-7F3A-4B8A-81A5-A624E610F39E}.Release|Any CPU.ActiveCfg = Release|Any CPU
		{A20C2BC4-7F3A-4B8A-81A5-A624E610F39E}.Release|Any CPU.Build.0 = Release|Any CPU
		{B9422AB6-AA2C-4F21-BAF2-B690492641F8}.Debug|Any CPU.ActiveCfg = Debug|Any CPU
		{B9422AB6-AA2C-4F21-BAF2-B690492641F8}.Debug|Any CPU.Build.0 = Debug|Any CPU
		{B9422AB6-AA2C-4F21-BAF2-B690492641F8}.Release|Any CPU.ActiveCfg = Release|Any CPU
		{B9422AB6-AA2C-4F21-BAF2-B690492641F8}.Release|Any CPU.Build.0 = Release|Any CPU
		{92BBD205-EEB3-43EC-867E-63320C4AC3A2}.Debug|Any CPU.ActiveCfg = Debug|Any CPU
		{92BBD205-EEB3-43EC-867E-63320C4AC3A2}.Debug|Any CPU.Build.0 = Debug|Any CPU
		{92BBD205-EEB3-43EC-867E-63320C4AC3A2}.Release|Any CPU.ActiveCfg = Release|Any CPU
		{92BBD205-EEB3-43EC-867E-63320C4AC3A2}.Release|Any CPU.Build.0 = Release|Any CPU
		{87C9E93F-B530-4B18-8504-5F9ADA20959A}.Debug|Any CPU.ActiveCfg = Debug|Any CPU
		{87C9E93F-B530-4B18-8504-5F9ADA20959A}.Debug|Any CPU.Build.0 = Debug|Any CPU
		{87C9E93F-B530-4B18-8504-5F9ADA20959A}.Release|Any CPU.ActiveCfg = Release|Any CPU
		{87C9E93F-B530-4B18-8504-5F9ADA20959A}.Release|Any CPU.Build.0 = Release|Any CPU
		{803FB057-DE50-4B81-B23F-3A234217878F}.Debug|Any CPU.ActiveCfg = Debug|Any CPU
		{803FB057-DE50-4B81-B23F-3A234217878F}.Debug|Any CPU.Build.0 = Debug|Any CPU
		{803FB057-DE50-4B81-B23F-3A234217878F}.Release|Any CPU.ActiveCfg = Release|Any CPU
		{803FB057-DE50-4B81-B23F-3A234217878F}.Release|Any CPU.Build.0 = Release|Any CPU
		{C7400BBD-63AE-4A3E-9B6B-0566BABE94AB}.Debug|Any CPU.ActiveCfg = Debug|Any CPU
		{C7400BBD-63AE-4A3E-9B6B-0566BABE94AB}.Debug|Any CPU.Build.0 = Debug|Any CPU
		{C7400BBD-63AE-4A3E-9B6B-0566BABE94AB}.Release|Any CPU.ActiveCfg = Release|Any CPU
		{C7400BBD-63AE-4A3E-9B6B-0566BABE94AB}.Release|Any CPU.Build.0 = Release|Any CPU
		{380C2B1D-2175-4CF5-BFDA-A0E1092E6852}.Debug|Any CPU.ActiveCfg = Debug|Any CPU
		{380C2B1D-2175-4CF5-BFDA-A0E1092E6852}.Debug|Any CPU.Build.0 = Debug|Any CPU
		{380C2B1D-2175-4CF5-BFDA-A0E1092E6852}.Release|Any CPU.ActiveCfg = Release|Any CPU
		{380C2B1D-2175-4CF5-BFDA-A0E1092E6852}.Release|Any CPU.Build.0 = Release|Any CPU
	EndGlobalSection
	GlobalSection(SolutionProperties) = preSolution
		HideSolutionNode = FALSE
	EndGlobalSection
	GlobalSection(NestedProjects) = preSolution
		{10F7CD8C-7AA0-46EE-B41B-7C97A77290ED} = {5725E9B5-BFA8-4807-92D8-C9F896ADD9D5}
		{2775C6DD-E6E3-4DC9-8A63-48DD58E88EF8} = {144DCC9A-EF5F-4BC9-8A08-99E44741B5E5}
		{4ED1C50B-1BAE-4D9E-8394-B7D998A6A791} = {5725E9B5-BFA8-4807-92D8-C9F896ADD9D5}
		{D03F6A4B-E093-4FFD-8226-46CD307AD4CF} = {144DCC9A-EF5F-4BC9-8A08-99E44741B5E5}
		{A20C2BC4-7F3A-4B8A-81A5-A624E610F39E} = {5725E9B5-BFA8-4807-92D8-C9F896ADD9D5}
		{B9422AB6-AA2C-4F21-BAF2-B690492641F8} = {144DCC9A-EF5F-4BC9-8A08-99E44741B5E5}
		{92BBD205-EEB3-43EC-867E-63320C4AC3A2} = {5725E9B5-BFA8-4807-92D8-C9F896ADD9D5}
		{87C9E93F-B530-4B18-8504-5F9ADA20959A} = {144DCC9A-EF5F-4BC9-8A08-99E44741B5E5}
		{803FB057-DE50-4B81-B23F-3A234217878F} = {5725E9B5-BFA8-4807-92D8-C9F896ADD9D5}
		{C7400BBD-63AE-4A3E-9B6B-0566BABE94AB} = {5725E9B5-BFA8-4807-92D8-C9F896ADD9D5}
		{380C2B1D-2175-4CF5-BFDA-A0E1092E6852} = {144DCC9A-EF5F-4BC9-8A08-99E44741B5E5}
	EndGlobalSection
EndGlobal
